// !$*UTF8*$!
{
	archiveVersion = 1;
	classes = {
	};
	objectVersion = 48;
	objects = {

/* Begin PBXBuildFile section */
		EC7C46621FB4262D0040C4C3 /* AppDelegate.swift in Sources */ = {isa = PBXBuildFile; fileRef = EC7C46611FB4262D0040C4C3 /* AppDelegate.swift */; };
		EC7C46641FB4262D0040C4C3 /* ViewController.swift in Sources */ = {isa = PBXBuildFile; fileRef = EC7C46631FB4262D0040C4C3 /* ViewController.swift */; };
		EC7C46671FB4262D0040C4C3 /* Main.storyboard in Resources */ = {isa = PBXBuildFile; fileRef = EC7C46651FB4262D0040C4C3 /* Main.storyboard */; };
		EC7C46691FB4262D0040C4C3 /* Assets.xcassets in Resources */ = {isa = PBXBuildFile; fileRef = EC7C46681FB4262D0040C4C3 /* Assets.xcassets */; };
		EC7C466C1FB4262D0040C4C3 /* LaunchScreen.storyboard in Resources */ = {isa = PBXBuildFile; fileRef = EC7C466A1FB4262D0040C4C3 /* LaunchScreen.storyboard */; };
		EC7C46741FB427370040C4C3 /* Splash.storyboard in Resources */ = {isa = PBXBuildFile; fileRef = EC7C46731FB427370040C4C3 /* Splash.storyboard */; };
/* End PBXBuildFile section */

/* Begin PBXFileReference section */
		EC7C465E1FB4262D0040C4C3 /* SplashApp.app */ = {isa = PBXFileReference; explicitFileType = wrapper.application; includeInIndex = 0; path = SplashApp.app; sourceTree = BUILT_PRODUCTS_DIR; };
		EC7C46611FB4262D0040C4C3 /* AppDelegate.swift */ = {isa = PBXFileReference; lastKnownFileType = sourcecode.swift; path = AppDelegate.swift; sourceTree = "<group>"; };
		EC7C46631FB4262D0040C4C3 /* ViewController.swift */ = {isa = PBXFileReference; lastKnownFileType = sourcecode.swift; path = ViewController.swift; sourceTree = "<group>"; };
		EC7C46661FB4262D0040C4C3 /* Base */ = {isa = PBXFileReference; lastKnownFileType = file.storyboard; name = Base; path = Base.lproj/Main.storyboard; sourceTree = "<group>"; };
		EC7C46681FB4262D0040C4C3 /* Assets.xcassets */ = {isa = PBXFileReference; lastKnownFileType = folder.assetcatalog; path = Assets.xcassets; sourceTree = "<group>"; };
		EC7C466B1FB4262D0040C4C3 /* Base */ = {isa = PBXFileReference; lastKnownFileType = file.storyboard; name = Base; path = Base.lproj/LaunchScreen.storyboard; sourceTree = "<group>"; };
		EC7C466D1FB4262D0040C4C3 /* Info.plist */ = {isa = PBXFileReference; lastKnownFileType = text.plist.xml; path = Info.plist; sourceTree = "<group>"; };
		EC7C46731FB427370040C4C3 /* Splash.storyboard */ = {isa = PBXFileReference; lastKnownFileType = file.storyboard; path = Splash.storyboard; sourceTree = "<group>"; };
/* End PBXFileReference section */

/* Begin PBXFrameworksBuildPhase section */
		EC7C465B1FB4262D0040C4C3 /* Frameworks */ = {
			isa = PBXFrameworksBuildPhase;
			buildActionMask = 2147483647;
			files = (
			);
			runOnlyForDeploymentPostprocessing = 0;
		};
/* End PBXFrameworksBuildPhase section */

/* Begin PBXGroup section */
		EC7C46551FB4262D0040C4C3 = {
			isa = PBXGroup;
			children = (
				EC7C46601FB4262D0040C4C3 /* SplashApp */,
				EC7C465F1FB4262D0040C4C3 /* Products */,
			);
			sourceTree = "<group>";
		};
		EC7C465F1FB4262D0040C4C3 /* Products */ = {
			isa = PBXGroup;
			children = (
				EC7C465E1FB4262D0040C4C3 /* SplashApp.app */,
			);
			name = Products;
			sourceTree = "<group>";
		};
		EC7C46601FB4262D0040C4C3 /* SplashApp */ = {
			isa = PBXGroup;
			children = (
				EC7C46611FB4262D0040C4C3 /* AppDelegate.swift */,
				EC7C46631FB4262D0040C4C3 /* ViewController.swift */,
				EC7C46651FB4262D0040C4C3 /* Main.storyboard */,
				EC7C466A1FB4262D0040C4C3 /* LaunchScreen.storyboard */,
				EC7C46731FB427370040C4C3 /* Splash.storyboard */,
				EC7C46681FB4262D0040C4C3 /* Assets.xcassets */,
				EC7C466D1FB4262D0040C4C3 /* Info.plist */,
			);
			path = SplashApp;
			sourceTree = "<group>";
		};
/* End PBXGroup section */

/* Begin PBXNativeTarget section */
		EC7C465D1FB4262D0040C4C3 /* SplashApp */ = {
			isa = PBXNativeTarget;
			buildConfigurationList = EC7C46701FB4262D0040C4C3 /* Build configuration list for PBXNativeTarget "SplashApp" */;
			buildPhases = (
				EC7C465A1FB4262D0040C4C3 /* Sources */,
				EC7C465B1FB4262D0040C4C3 /* Frameworks */,
				EC7C465C1FB4262D0040C4C3 /* Resources */,
			);
			buildRules = (
			);
			dependencies = (
			);
			name = SplashApp;
			productName = SplashApp;
			productReference = EC7C465E1FB4262D0040C4C3 /* SplashApp.app */;
			productType = "com.apple.product-type.application";
		};
/* End PBXNativeTarget section */

/* Begin PBXProject section */
		EC7C46561FB4262D0040C4C3 /* Project object */ = {
			isa = PBXProject;
			attributes = {
				LastSwiftUpdateCheck = 0900;
				LastUpgradeCheck = 0900;
				ORGANIZATIONNAME = microwave;
				TargetAttributes = {
					EC7C465D1FB4262D0040C4C3 = {
						CreatedOnToolsVersion = 9.0;
						ProvisioningStyle = Automatic;
					};
				};
			};
			buildConfigurationList = EC7C46591FB4262D0040C4C3 /* Build configuration list for PBXProject "SplashApp" */;
			compatibilityVersion = "Xcode 8.0";
			developmentRegion = en;
			hasScannedForEncodings = 0;
			knownRegions = (
				en,
				Base,
			);
			mainGroup = EC7C46551FB4262D0040C4C3;
			productRefGroup = EC7C465F1FB4262D0040C4C3 /* Products */;
			projectDirPath = "";
			projectRoot = "";
			targets = (
				EC7C465D1FB4262D0040C4C3 /* SplashApp */,
			);
		};
/* End PBXProject section */

/* Begin PBXResourcesBuildPhase section */
		EC7C465C1FB4262D0040C4C3 /* Resources */ = {
			isa = PBXResourcesBuildPhase;
			buildActionMask = 2147483647;
			files = (
				EC7C466C1FB4262D0040C4C3 /* LaunchScreen.storyboard in Resources */,
				EC7C46691FB4262D0040C4C3 /* Assets.xcassets in Resources */,
				EC7C46671FB4262D0040C4C3 /* Main.storyboard in Resources */,
				EC7C46741FB427370040C4C3 /* Splash.storyboard in Resources */,
			);
			runOnlyForDeploymentPostprocessing = 0;
		};
/* End PBXResourcesBuildPhase section */

/* Begin PBXSourcesBuildPhase section */
		EC7C465A1FB4262D0040C4C3 /* Sources */ = {
			isa = PBXSourcesBuildPhase;
			buildActionMask = 2147483647;
			files = (
				EC7C46641FB4262D0040C4C3 /* ViewController.swift in Sources */,
				EC7C46621FB4262D0040C4C3 /* AppDelegate.swift in Sources */,
			);
			runOnlyForDeploymentPostprocessing = 0;
		};
/* End PBXSourcesBuildPhase section */

/* Begin PBXVariantGroup section */
		EC7C46651FB4262D0040C4C3 /* Main.storyboard */ = {
			isa = PBXVariantGroup;
			children = (
				EC7C46661FB4262D0040C4C3 /* Base */,
			);
			name = Main.storyboard;
			sourceTree = "<group>";
		};
		EC7C466A1FB4262D0040C4C3 /* LaunchScreen.storyboard */ = {
			isa = PBXVariantGroup;
			children = (
				EC7C466B1FB4262D0040C4C3 /* Base */,
			);
			name = LaunchScreen.storyboard;
			sourceTree = "<group>";
		};
/* End PBXVariantGroup section */

/* Begin XCBuildConfiguration section */
		EC7C466E1FB4262D0040C4C3 /* Debug */ = {
			isa = XCBuildConfiguration;
			buildSettings = {
				ALWAYS_SEARCH_USER_PATHS = NO;
				CLANG_ANALYZER_NONNULL = YES;
				CLANG_ANALYZER_NUMBER_OBJECT_CONVERSION = YES_AGGRESSIVE;
				CLANG_CXX_LANGUAGE_STANDARD = "gnu++14";
				CLANG_CXX_LIBRARY = "libc++";
				CLANG_ENABLE_MODULES = YES;
				CLANG_ENABLE_OBJC_ARC = YES;
				CLANG_WARN_BLOCK_CAPTURE_AUTORELEASING = YES;
				CLANG_WARN_BOOL_CONVERSION = YES;
				CLANG_WARN_COMMA = YES;
				CLANG_WARN_CONSTANT_CONVERSION = YES;
				CLANG_WARN_DIRECT_OBJC_ISA_USAGE = YES_ERROR;
				CLANG_WARN_DOCUMENTATION_COMMENTS = YES;
				CLANG_WARN_EMPTY_BODY = YES;
				CLANG_WARN_ENUM_CONVERSION = YES;
				CLANG_WARN_INFINITE_RECURSION = YES;
				CLANG_WARN_INT_CONVERSION = YES;
				CLANG_WARN_NON_LITERAL_NULL_CONVERSION = YES;
				CLANG_WARN_OBJC_LITERAL_CONVERSION = YES;
				CLANG_WARN_OBJC_ROOT_CLASS = YES_ERROR;
				CLANG_WARN_RANGE_LOOP_ANALYSIS = YES;
				CLANG_WARN_STRICT_PROTOTYPES = YES;
				CLANG_WARN_SUSPICIOUS_MOVE = YES;
				CLANG_WARN_UNGUARDED_AVAILABILITY = YES_AGGRESSIVE;
				CLANG_WARN_UNREACHABLE_CODE = YES;
				CLANG_WARN__DUPLICATE_METHOD_MATCH = YES;
				CODE_SIGN_IDENTITY = "iPhone Developer";
				COPY_PHASE_STRIP = NO;
				DEBUG_INFORMATION_FORMAT = dwarf;
				ENABLE_STRICT_OBJC_MSGSEND = YES;
				ENABLE_TESTABILITY = YES;
				GCC_C_LANGUAGE_STANDARD = gnu11;
				GCC_DYNAMIC_NO_PIC = NO;
				GCC_NO_COMMON_BLOCKS = YES;
				GCC_OPTIMIZATION_LEVEL = 0;
				GCC_PREPROCESSOR_DEFINITIONS = (
					"DEBUG=1",
					"$(inherited)",
				);
				GCC_WARN_64_TO_32_BIT_CONVERSION = YES;
				GCC_WARN_ABOUT_RETURN_TYPE = YES_ERROR;
				GCC_WARN_UNDECLARED_SELECTOR = YES;
				GCC_WARN_UNINITIALIZED_AUTOS = YES_AGGRESSIVE;
				GCC_WARN_UNUSED_FUNCTION = YES;
				GCC_WARN_UNUSED_VARIABLE = YES;
				IPHONEOS_DEPLOYMENT_TARGET = 9.0;
				MTL_ENABLE_DEBUG_INFO = YES;
				ONLY_ACTIVE_ARCH = YES;
				SDKROOT = iphoneos;
				SWIFT_ACTIVE_COMPILATION_CONDITIONS = DEBUG;
				SWIFT_OPTIMIZATION_LEVEL = "-Onone";
			};
			name = Debug;
		};
		EC7C466F1FB4262D0040C4C3 /* Release */ = {
			isa = XCBuildConfiguration;
			buildSettings = {
				ALWAYS_SEARCH_USER_PATHS = NO;
				CLANG_ANALYZER_NONNULL = YES;
				CLANG_ANALYZER_NUMBER_OBJECT_CONVERSION = YES_AGGRESSIVE;
				CLANG_CXX_LANGUAGE_STANDARD = "gnu++14";
				CLANG_CXX_LIBRARY = "libc++";
				CLANG_ENABLE_MODULES = YES;
				CLANG_ENABLE_OBJC_ARC = YES;
				CLANG_WARN_BLOCK_CAPTURE_AUTORELEASING = YES;
				CLANG_WARN_BOOL_CONVERSION = YES;
				CLANG_WARN_COMMA = YES;
				CLANG_WARN_CONSTANT_CONVERSION = YES;
				CLANG_WARN_DIRECT_OBJC_ISA_USAGE = YES_ERROR;
				CLANG_WARN_DOCUMENTATION_COMMENTS = YES;
				CLANG_WARN_EMPTY_BODY = YES;
				CLANG_WARN_ENUM_CONVERSION = YES;
				CLANG_WARN_INFINITE_RECURSION = YES;
				CLANG_WARN_INT_CONVERSION = YES;
				CLANG_WARN_NON_LITERAL_NULL_CONVERSION = YES;
				CLANG_WARN_OBJC_LITERAL_CONVERSION = YES;
				CLANG_WARN_OBJC_ROOT_CLASS = YES_ERROR;
				CLANG_WARN_RANGE_LOOP_ANALYSIS = YES;
				CLANG_WARN_STRICT_PROTOTYPES = YES;
				CLANG_WARN_SUSPICIOUS_MOVE = YES;
				CLANG_WARN_UNGUARDED_AVAILABILITY = YES_AGGRESSIVE;
				CLANG_WARN_UNREACHABLE_CODE = YES;
				CLANG_WARN__DUPLICATE_METHOD_MATCH = YES;
				CODE_SIGN_IDENTITY = "iPhone Developer";
				COPY_PHASE_STRIP = NO;
				DEBUG_INFORMATION_FORMAT = "dwarf-with-dsym";
				ENABLE_NS_ASSERTIONS = NO;
				ENABLE_STRICT_OBJC_MSGSEND = YES;
				GCC_C_LANGUAGE_STANDARD = gnu11;
				GCC_NO_COMMON_BLOCKS = YES;
				GCC_WARN_64_TO_32_BIT_CONVERSION = YES;
				GCC_WARN_ABOUT_RETURN_TYPE = YES_ERROR;
				GCC_WARN_UNDECLARED_SELECTOR = YES;
				GCC_WARN_UNINITIALIZED_AUTOS = YES_AGGRESSIVE;
				GCC_WARN_UNUSED_FUNCTION = YES;
				GCC_WARN_UNUSED_VARIABLE = YES;
				IPHONEOS_DEPLOYMENT_TARGET = 9.0;
				MTL_ENABLE_DEBUG_INFO = NO;
				SDKROOT = iphoneos;
				SWIFT_OPTIMIZATION_LEVEL = "-Owholemodule";
				VALIDATE_PRODUCT = YES;
			};
			name = Release;
		};
		EC7C46711FB4262D0040C4C3 /* Debug */ = {
			isa = XCBuildConfiguration;
			buildSettings = {
				ASSETCATALOG_COMPILER_APPICON_NAME = AppIcon;
				CODE_SIGN_STYLE = Automatic;
				DEVELOPMENT_TEAM = 2R4QS48Y83;
				INFOPLIST_FILE = SplashApp/Info.plist;
				IPHONEOS_DEPLOYMENT_TARGET = 9.0;
				LD_RUNPATH_SEARCH_PATHS = "$(inherited) @executable_path/Frameworks";
				PRODUCT_BUNDLE_IDENTIFIER = "net.wave-micro.SplashApp";
				PRODUCT_NAME = "$(TARGET_NAME)";
				SWIFT_VERSION = 4.0;
				TARGETED_DEVICE_FAMILY = 2;
			};
			name = Debug;
		};
		EC7C46721FB4262D0040C4C3 /* Release */ = {
			isa = XCBuildConfiguration;
			buildSettings = {
				ASSETCATALOG_COMPILER_APPICON_NAME = AppIcon;
				CODE_SIGN_STYLE = Automatic;
				DEVELOPMENT_TEAM = 2R4QS48Y83;
				INFOPLIST_FILE = SplashApp/Info.plist;
				IPHONEOS_DEPLOYMENT_TARGET = 9.0;
				LD_RUNPATH_SEARCH_PATHS = "$(inherited) @executable_path/Frameworks";
				PRODUCT_BUNDLE_IDENTIFIER = "net.wave-micro.SplashApp";
				PRODUCT_NAME = "$(TARGET_NAME)";
				SWIFT_VERSION = 4.0;
				TARGETED_DEVICE_FAMILY = 2;
			};
			name = Release;
		};
/* End XCBuildConfiguration section */

/* Begin XCConfigurationList section */
		EC7C46591FB4262D0040C4C3 /* Build configuration list for PBXProject "SplashApp" */ = {
			isa = XCConfigurationList;
			buildConfigurations = (
				EC7C466E1FB4262D0040C4C3 /* Debug */,
				EC7C466F1FB4262D0040C4C3 /* Release */,
			);
			defaultConfigurationIsVisible = 0;
			defaultConfigurationName = Release;
		};
		EC7C46701FB4262D0040C4C3 /* Build configuration list for PBXNativeTarget "SplashApp" */ = {
			isa = XCConfigurationList;
			buildConfigurations = (
				EC7C46711FB4262D0040C4C3 /* Debug */,
				EC7C46721FB4262D0040C4C3 /* Release */,
			);
			defaultConfigurationIsVisible = 0;
			defaultConfigurationName = Release;
		};
/* End XCConfigurationList section */
	};
	rootObject = EC7C46561FB4262D0040C4C3 /* Project object */;
}
