// !$*UTF8*$!
{
	archiveVersion = 1;
	classes = {
	};
	objectVersion = 48;
	objects = {

/* Begin PBXBuildFile section */
		EC611A931FBAA58B009A34C8 /* AppDelegate.swift in Sources */ = {isa = PBXBuildFile; fileRef = EC611A921FBAA58B009A34C8 /* AppDelegate.swift */; };
		EC611A951FBAA58B009A34C8 /* ViewController.swift in Sources */ = {isa = PBXBuildFile; fileRef = EC611A941FBAA58B009A34C8 /* ViewController.swift */; };
		EC611A981FBAA58B009A34C8 /* Main.storyboard in Resources */ = {isa = PBXBuildFile; fileRef = EC611A961FBAA58B009A34C8 /* Main.storyboard */; };
		EC611A9A1FBAA58B009A34C8 /* Assets.xcassets in Resources */ = {isa = PBXBuildFile; fileRef = EC611A991FBAA58B009A34C8 /* Assets.xcassets */; };
		EC611A9D1FBAA58C009A34C8 /* LaunchScreen.storyboard in Resources */ = {isa = PBXBuildFile; fileRef = EC611A9B1FBAA58C009A34C8 /* LaunchScreen.storyboard */; };
		EC611AA51FBAA5DF009A34C8 /* XibView.swift in Sources */ = {isa = PBXBuildFile; fileRef = EC611AA41FBAA5DF009A34C8 /* XibView.swift */; };
		EC611AA91FBAA6B0009A34C8 /* XibView.xib in Resources */ = {isa = PBXBuildFile; fileRef = EC611AA81FBAA6B0009A34C8 /* XibView.xib */; };
/* End PBXBuildFile section */

/* Begin PBXFileReference section */
		EC611A8F1FBAA58B009A34C8 /* XibApp.app */ = {isa = PBXFileReference; explicitFileType = wrapper.application; includeInIndex = 0; path = XibApp.app; sourceTree = BUILT_PRODUCTS_DIR; };
		EC611A921FBAA58B009A34C8 /* AppDelegate.swift */ = {isa = PBXFileReference; lastKnownFileType = sourcecode.swift; path = AppDelegate.swift; sourceTree = "<group>"; };
		EC611A941FBAA58B009A34C8 /* ViewController.swift */ = {isa = PBXFileReference; lastKnownFileType = sourcecode.swift; path = ViewController.swift; sourceTree = "<group>"; };
		EC611A971FBAA58B009A34C8 /* Base */ = {isa = PBXFileReference; lastKnownFileType = file.storyboard; name = Base; path = Base.lproj/Main.storyboard; sourceTree = "<group>"; };
		EC611A991FBAA58B009A34C8 /* Assets.xcassets */ = {isa = PBXFileReference; lastKnownFileType = folder.assetcatalog; path = Assets.xcassets; sourceTree = "<group>"; };
		EC611A9C1FBAA58C009A34C8 /* Base */ = {isa = PBXFileReference; lastKnownFileType = file.storyboard; name = Base; path = Base.lproj/LaunchScreen.storyboard; sourceTree = "<group>"; };
		EC611A9E1FBAA58C009A34C8 /* Info.plist */ = {isa = PBXFileReference; lastKnownFileType = text.plist.xml; path = Info.plist; sourceTree = "<group>"; };
		EC611AA41FBAA5DF009A34C8 /* XibView.swift */ = {isa = PBXFileReference; lastKnownFileType = sourcecode.swift; path = XibView.swift; sourceTree = "<group>"; };
		EC611AA81FBAA6B0009A34C8 /* XibView.xib */ = {isa = PBXFileReference; lastKnownFileType = file.xib; path = XibView.xib; sourceTree = "<group>"; };
/* End PBXFileReference section */

/* Begin PBXFrameworksBuildPhase section */
		EC611A8C1FBAA58B009A34C8 /* Frameworks */ = {
			isa = PBXFrameworksBuildPhase;
			buildActionMask = 2147483647;
			files = (
			);
			runOnlyForDeploymentPostprocessing = 0;
		};
/* End PBXFrameworksBuildPhase section */

/* Begin PBXGroup section */
		EC611A861FBAA58B009A34C8 = {
			isa = PBXGroup;
			children = (
				EC611A911FBAA58B009A34C8 /* XibApp */,
				EC611A901FBAA58B009A34C8 /* Products */,
			);
			sourceTree = "<group>";
		};
		EC611A901FBAA58B009A34C8 /* Products */ = {
			isa = PBXGroup;
			children = (
				EC611A8F1FBAA58B009A34C8 /* XibApp.app */,
			);
			name = Products;
			sourceTree = "<group>";
		};
		EC611A911FBAA58B009A34C8 /* XibApp */ = {
			isa = PBXGroup;
			children = (
				EC611A921FBAA58B009A34C8 /* AppDelegate.swift */,
				EC611A941FBAA58B009A34C8 /* ViewController.swift */,
				EC611A961FBAA58B009A34C8 /* Main.storyboard */,
				EC611A991FBAA58B009A34C8 /* Assets.xcassets */,
				EC611A9B1FBAA58C009A34C8 /* LaunchScreen.storyboard */,
				EC611A9E1FBAA58C009A34C8 /* Info.plist */,
				EC611AA41FBAA5DF009A34C8 /* XibView.swift */,
				EC611AA81FBAA6B0009A34C8 /* XibView.xib */,
			);
			path = XibApp;
			sourceTree = "<group>";
		};
/* End PBXGroup section */

/* Begin PBXNativeTarget section */
		EC611A8E1FBAA58B009A34C8 /* XibApp */ = {
			isa = PBXNativeTarget;
			buildConfigurationList = EC611AA11FBAA58C009A34C8 /* Build configuration list for PBXNativeTarget "XibApp" */;
			buildPhases = (
				EC611A8B1FBAA58B009A34C8 /* Sources */,
				EC611A8C1FBAA58B009A34C8 /* Frameworks */,
				EC611A8D1FBAA58B009A34C8 /* Resources */,
			);
			buildRules = (
			);
			dependencies = (
			);
			name = XibApp;
			productName = XibApp;
			productReference = EC611A8F1FBAA58B009A34C8 /* XibApp.app */;
			productType = "com.apple.product-type.application";
		};
/* End PBXNativeTarget section */

/* Begin PBXProject section */
		EC611A871FBAA58B009A34C8 /* Project object */ = {
			isa = PBXProject;
			attributes = {
				LastSwiftUpdateCheck = 0900;
				LastUpgradeCheck = 0900;
				ORGANIZATIONNAME = microwave;
				TargetAttributes = {
					EC611A8E1FBAA58B009A34C8 = {
						CreatedOnToolsVersion = 9.0;
						ProvisioningStyle = Automatic;
					};
				};
			};
			buildConfigurationList = EC611A8A1FBAA58B009A34C8 /* Build configuration list for PBXProject "XibApp" */;
			compatibilityVersion = "Xcode 8.0";
			developmentRegion = en;
			hasScannedForEncodings = 0;
			knownRegions = (
				en,
				Base,
			);
			mainGroup = EC611A861FBAA58B009A34C8;
			productRefGroup = EC611A901FBAA58B009A34C8 /* Products */;
			projectDirPath = "";
			projectRoot = "";
			targets = (
				EC611A8E1FBAA58B009A34C8 /* XibApp */,
			);
		};
/* End PBXProject section */

/* Begin PBXResourcesBuildPhase section */
		EC611A8D1FBAA58B009A34C8 /* Resources */ = {
			isa = PBXResourcesBuildPhase;
			buildActionMask = 2147483647;
			files = (
				EC611A9D1FBAA58C009A34C8 /* LaunchScreen.storyboard in Resources */,
				EC611A9A1FBAA58B009A34C8 /* Assets.xcassets in Resources */,
				EC611AA91FBAA6B0009A34C8 /* XibView.xib in Resources */,
				EC611A981FBAA58B009A34C8 /* Main.storyboard in Resources */,
			);
			runOnlyForDeploymentPostprocessing = 0;
		};
/* End PBXResourcesBuildPhase section */

/* Begin PBXSourcesBuildPhase section */
		EC611A8B1FBAA58B009A34C8 /* Sources */ = {
			isa = PBXSourcesBuildPhase;
			buildActionMask = 2147483647;
			files = (
				EC611A951FBAA58B009A34C8 /* ViewController.swift in Sources */,
				EC611AA51FBAA5DF009A34C8 /* XibView.swift in Sources */,
				EC611A931FBAA58B009A34C8 /* AppDelegate.swift in Sources */,
			);
			runOnlyForDeploymentPostprocessing = 0;
		};
/* End PBXSourcesBuildPhase section */

/* Begin PBXVariantGroup section */
		EC611A961FBAA58B009A34C8 /* Main.storyboard */ = {
			isa = PBXVariantGroup;
			children = (
				EC611A971FBAA58B009A34C8 /* Base */,
			);
			name = Main.storyboard;
			sourceTree = "<group>";
		};
		EC611A9B1FBAA58C009A34C8 /* LaunchScreen.storyboard */ = {
			isa = PBXVariantGroup;
			children = (
				EC611A9C1FBAA58C009A34C8 /* Base */,
			);
			name = LaunchScreen.storyboard;
			sourceTree = "<group>";
		};
/* End PBXVariantGroup section */

/* Begin XCBuildConfiguration section */
		EC611A9F1FBAA58C009A34C8 /* Debug */ = {
			isa = XCBuildConfiguration;
			buildSettings = {
				ALWAYS_SEARCH_USER_PATHS = NO;
				CLANG_ANALYZER_NONNULL = YES;
				CLANG_ANALYZER_NUMBER_OBJECT_CONVERSION = YES_AGGRESSIVE;
				CLANG_CXX_LANGUAGE_STANDARD = "gnu++14";
				CLANG_CXX_LIBRARY = "libc++";
				CLANG_ENABLE_MODULES = YES;
				CLANG_ENABLE_OBJC_ARC = YES;
				CLANG_WARN_BLOCK_CAPTURE_AUTORELEASING = YES;
				CLANG_WARN_BOOL_CONVERSION = YES;
				CLANG_WARN_COMMA = YES;
				CLANG_WARN_CONSTANT_CONVERSION = YES;
				CLANG_WARN_DIRECT_OBJC_ISA_USAGE = YES_ERROR;
				CLANG_WARN_DOCUMENTATION_COMMENTS = YES;
				CLANG_WARN_EMPTY_BODY = YES;
				CLANG_WARN_ENUM_CONVERSION = YES;
				CLANG_WARN_INFINITE_RECURSION = YES;
				CLANG_WARN_INT_CONVERSION = YES;
				CLANG_WARN_NON_LITERAL_NULL_CONVERSION = YES;
				CLANG_WARN_OBJC_LITERAL_CONVERSION = YES;
				CLANG_WARN_OBJC_ROOT_CLASS = YES_ERROR;
				CLANG_WARN_RANGE_LOOP_ANALYSIS = YES;
				CLANG_WARN_STRICT_PROTOTYPES = YES;
				CLANG_WARN_SUSPICIOUS_MOVE = YES;
				CLANG_WARN_UNGUARDED_AVAILABILITY = YES_AGGRESSIVE;
				CLANG_WARN_UNREACHABLE_CODE = YES;
				CLANG_WARN__DUPLICATE_METHOD_MATCH = YES;
				CODE_SIGN_IDENTITY = "iPhone Developer";
				COPY_PHASE_STRIP = NO;
				DEBUG_INFORMATION_FORMAT = dwarf;
				ENABLE_STRICT_OBJC_MSGSEND = YES;
				ENABLE_TESTABILITY = YES;
				GCC_C_LANGUAGE_STANDARD = gnu11;
				GCC_DYNAMIC_NO_PIC = NO;
				GCC_NO_COMMON_BLOCKS = YES;
				GCC_OPTIMIZATION_LEVEL = 0;
				GCC_PREPROCESSOR_DEFINITIONS = (
					"DEBUG=1",
					"$(inherited)",
				);
				GCC_WARN_64_TO_32_BIT_CONVERSION = YES;
				GCC_WARN_ABOUT_RETURN_TYPE = YES_ERROR;
				GCC_WARN_UNDECLARED_SELECTOR = YES;
				GCC_WARN_UNINITIALIZED_AUTOS = YES_AGGRESSIVE;
				GCC_WARN_UNUSED_FUNCTION = YES;
				GCC_WARN_UNUSED_VARIABLE = YES;
				IPHONEOS_DEPLOYMENT_TARGET = 9.0;
				MTL_ENABLE_DEBUG_INFO = YES;
				ONLY_ACTIVE_ARCH = YES;
				SDKROOT = iphoneos;
				SWIFT_ACTIVE_COMPILATION_CONDITIONS = DEBUG;
				SWIFT_OPTIMIZATION_LEVEL = "-Onone";
			};
			name = Debug;
		};
		EC611AA01FBAA58C009A34C8 /* Release */ = {
			isa = XCBuildConfiguration;
			buildSettings = {
				ALWAYS_SEARCH_USER_PATHS = NO;
				CLANG_ANALYZER_NONNULL = YES;
				CLANG_ANALYZER_NUMBER_OBJECT_CONVERSION = YES_AGGRESSIVE;
				CLANG_CXX_LANGUAGE_STANDARD = "gnu++14";
				CLANG_CXX_LIBRARY = "libc++";
				CLANG_ENABLE_MODULES = YES;
				CLANG_ENABLE_OBJC_ARC = YES;
				CLANG_WARN_BLOCK_CAPTURE_AUTORELEASING = YES;
				CLANG_WARN_BOOL_CONVERSION = YES;
				CLANG_WARN_COMMA = YES;
				CLANG_WARN_CONSTANT_CONVERSION = YES;
				CLANG_WARN_DIRECT_OBJC_ISA_USAGE = YES_ERROR;
				CLANG_WARN_DOCUMENTATION_COMMENTS = YES;
				CLANG_WARN_EMPTY_BODY = YES;
				CLANG_WARN_ENUM_CONVERSION = YES;
				CLANG_WARN_INFINITE_RECURSION = YES;
				CLANG_WARN_INT_CONVERSION = YES;
				CLANG_WARN_NON_LITERAL_NULL_CONVERSION = YES;
				CLANG_WARN_OBJC_LITERAL_CONVERSION = YES;
				CLANG_WARN_OBJC_ROOT_CLASS = YES_ERROR;
				CLANG_WARN_RANGE_LOOP_ANALYSIS = YES;
				CLANG_WARN_STRICT_PROTOTYPES = YES;
				CLANG_WARN_SUSPICIOUS_MOVE = YES;
				CLANG_WARN_UNGUARDED_AVAILABILITY = YES_AGGRESSIVE;
				CLANG_WARN_UNREACHABLE_CODE = YES;
				CLANG_WARN__DUPLICATE_METHOD_MATCH = YES;
				CODE_SIGN_IDENTITY = "iPhone Developer";
				COPY_PHASE_STRIP = NO;
				DEBUG_INFORMATION_FORMAT = "dwarf-with-dsym";
				ENABLE_NS_ASSERTIONS = NO;
				ENABLE_STRICT_OBJC_MSGSEND = YES;
				GCC_C_LANGUAGE_STANDARD = gnu11;
				GCC_NO_COMMON_BLOCKS = YES;
				GCC_WARN_64_TO_32_BIT_CONVERSION = YES;
				GCC_WARN_ABOUT_RETURN_TYPE = YES_ERROR;
				GCC_WARN_UNDECLARED_SELECTOR = YES;
				GCC_WARN_UNINITIALIZED_AUTOS = YES_AGGRESSIVE;
				GCC_WARN_UNUSED_FUNCTION = YES;
				GCC_WARN_UNUSED_VARIABLE = YES;
				IPHONEOS_DEPLOYMENT_TARGET = 9.0;
				MTL_ENABLE_DEBUG_INFO = NO;
				SDKROOT = iphoneos;
				SWIFT_OPTIMIZATION_LEVEL = "-Owholemodule";
				VALIDATE_PRODUCT = YES;
			};
			name = Release;
		};
		EC611AA21FBAA58C009A34C8 /* Debug */ = {
			isa = XCBuildConfiguration;
			buildSettings = {
				ASSETCATALOG_COMPILER_APPICON_NAME = AppIcon;
				CODE_SIGN_STYLE = Automatic;
				DEVELOPMENT_TEAM = 2R4QS48Y83;
				INFOPLIST_FILE = XibApp/Info.plist;
				IPHONEOS_DEPLOYMENT_TARGET = 9.0;
				LD_RUNPATH_SEARCH_PATHS = "$(inherited) @executable_path/Frameworks";
				PRODUCT_BUNDLE_IDENTIFIER = "net.wave-micro.XibApp";
				PRODUCT_NAME = "$(TARGET_NAME)";
				SWIFT_VERSION = 4.0;
				TARGETED_DEVICE_FAMILY = "1,2";
			};
			name = Debug;
		};
		EC611AA31FBAA58C009A34C8 /* Release */ = {
			isa = XCBuildConfiguration;
			buildSettings = {
				ASSETCATALOG_COMPILER_APPICON_NAME = AppIcon;
				CODE_SIGN_STYLE = Automatic;
				DEVELOPMENT_TEAM = 2R4QS48Y83;
				INFOPLIST_FILE = XibApp/Info.plist;
				IPHONEOS_DEPLOYMENT_TARGET = 9.0;
				LD_RUNPATH_SEARCH_PATHS = "$(inherited) @executable_path/Frameworks";
				PRODUCT_BUNDLE_IDENTIFIER = "net.wave-micro.XibApp";
				PRODUCT_NAME = "$(TARGET_NAME)";
				SWIFT_VERSION = 4.0;
				TARGETED_DEVICE_FAMILY = "1,2";
			};
			name = Release;
		};
/* End XCBuildConfiguration section */

/* Begin XCConfigurationList section */
		EC611A8A1FBAA58B009A34C8 /* Build configuration list for PBXProject "XibApp" */ = {
			isa = XCConfigurationList;
			buildConfigurations = (
				EC611A9F1FBAA58C009A34C8 /* Debug */,
				EC611AA01FBAA58C009A34C8 /* Release */,
			);
			defaultConfigurationIsVisible = 0;
			defaultConfigurationName = Release;
		};
		EC611AA11FBAA58C009A34C8 /* Build configuration list for PBXNativeTarget "XibApp" */ = {
			isa = XCConfigurationList;
			buildConfigurations = (
				EC611AA21FBAA58C009A34C8 /* Debug */,
				EC611AA31FBAA58C009A34C8 /* Release */,
			);
			defaultConfigurationIsVisible = 0;
			defaultConfigurationName = Release;
		};
/* End XCConfigurationList section */
	};
	rootObject = EC611A871FBAA58B009A34C8 /* Project object */;
}
